
Microsoft Visual Studio Solution File, Format Version 12.00
# Visual Studio Version 17
VisualStudioVersion = 17.1.32407.343
MinimumVisualStudioVersion = 10.0.40219.1
Project("{FAE04EC0-301F-11D3-BF4B-00C04F79EFBC}") = "Kenan.CodeBaseCodeChallange.UI", "Kenan.CodeBaseCodeChallange.UI\Kenan.CodeBaseCodeChallange.UI.csproj", "{3D820444-9D20-45FE-ACB6-86A5C0F40F2E}"
EndProject
Project("{FAE04EC0-301F-11D3-BF4B-00C04F79EFBC}") = "Kenan.CodeBaseCodeChallange.Entities", "Kenan.CodeBaseCodeChallange.Entities\Kenan.CodeBaseCodeChallange.Entities.csproj", "{CF43B88C-D5B5-4A19-B65B-39F90A4C93A0}"
EndProject
Project("{FAE04EC0-301F-11D3-BF4B-00C04F79EFBC}") = "Kenan.CodeBaseCodeChallange.DataAccess", "Kenan.CodeBaseCodeChallange.DataAccess\Kenan.CodeBaseCodeChallange.DataAccess.csproj", "{1B2A1B76-3854-4B19-9036-9A76DF3B22B7}"
EndProject
Project("{FAE04EC0-301F-11D3-BF4B-00C04F79EFBC}") = "Kenan.CodeBaseCodeChallange.Business", "Kenan.CodeBaseCodeChallange.Business\Kenan.CodeBaseCodeChallange.Business.csproj", "{D630E4C2-DD9F-4F81-9985-A99BB539D0F8}"
EndProject
Project("{FAE04EC0-301F-11D3-BF4B-00C04F79EFBC}") = "Kenan.CodeBaseCodeChallange.Dtos", "Kenan.CodeBaseCodeChallange.Dtos\Kenan.CodeBaseCodeChallange.Dtos.csproj", "{4DBEA3D8-83EB-426D-B62A-44B9A5907B43}"
EndProject
Global
	GlobalSection(SolutionConfigurationPlatforms) = preSolution
		Debug|Any CPU = Debug|Any CPU
		Release|Any CPU = Release|Any CPU
	EndGlobalSection
	GlobalSection(ProjectConfigurationPlatforms) = postSolution
		{3D820444-9D20-45FE-ACB6-86A5C0F40F2E}.Debug|Any CPU.ActiveCfg = Debug|Any CPU
		{3D820444-9D20-45FE-ACB6-86A5C0F40F2E}.Debug|Any CPU.Build.0 = Debug|Any CPU
		{3D820444-9D20-45FE-ACB6-86A5C0F40F2E}.Release|Any CPU.ActiveCfg = Release|Any CPU
		{3D820444-9D20-45FE-ACB6-86A5C0F40F2E}.Release|Any CPU.Build.0 = Release|Any CPU
		{CF43B88C-D5B5-4A19-B65B-39F90A4C93A0}.Debug|Any CPU.ActiveCfg = Debug|Any CPU
		{CF43B88C-D5B5-4A19-B65B-39F90A4C93A0}.Debug|Any CPU.Build.0 = Debug|Any CPU
		{CF43B88C-D5B5-4A19-B65B-39F90A4C93A0}.Release|Any CPU.ActiveCfg = Release|Any CPU
		{CF43B88C-D5B5-4A19-B65B-39F90A4C93A0}.Release|Any CPU.Build.0 = Release|Any CPU
		{1B2A1B76-3854-4B19-9036-9A76DF3B22B7}.Debug|Any CPU.ActiveCfg = Debug|Any CPU
		{1B2A1B76-3854-4B19-9036-9A76DF3B22B7}.Debug|Any CPU.Build.0 = Debug|Any CPU
		{1B2A1B76-3854-4B19-9036-9A76DF3B22B7}.Release|Any CPU.ActiveCfg = Release|Any CPU
		{1B2A1B76-3854-4B19-9036-9A76DF3B22B7}.Release|Any CPU.Build.0 = Release|Any CPU
		{D630E4C2-DD9F-4F81-9985-A99BB539D0F8}.Debug|Any CPU.ActiveCfg = Debug|Any CPU
		{D630E4C2-DD9F-4F81-9985-A99BB539D0F8}.Debug|Any CPU.Build.0 = Debug|Any CPU
		{D630E4C2-DD9F-4F81-9985-A99BB539D0F8}.Release|Any CPU.ActiveCfg = Release|Any CPU
		{D630E4C2-DD9F-4F81-9985-A99BB539D0F8}.Release|Any CPU.Build.0 = Release|Any CPU
		{4DBEA3D8-83EB-426D-B62A-44B9A5907B43}.Debug|Any CPU.ActiveCfg = Debug|Any CPU
		{4DBEA3D8-83EB-426D-B62A-44B9A5907B43}.Debug|Any CPU.Build.0 = Debug|Any CPU
		{4DBEA3D8-83EB-426D-B62A-44B9A5907B43}.Release|Any CPU.ActiveCfg = Release|Any CPU
		{4DBEA3D8-83EB-426D-B62A-44B9A5907B43}.Release|Any CPU.Build.0 = Release|Any CPU
	EndGlobalSection
	GlobalSection(SolutionProperties) = preSolution
		HideSolutionNode = FALSE
	EndGlobalSection
	GlobalSection(ExtensibilityGlobals) = postSolution
		SolutionGuid = {80CFB0D1-CA53-4C59-B8BB-153409684D1A}
	EndGlobalSection
EndGlobal
